
Microsoft Visual Studio Solution File, Format Version 12.00
# Visual Studio Version 17
VisualStudioVersion = 17.14.37411.7 d17.14
MinimumVisualStudioVersion = 10.0.40219.1
Project("{FAE04EC0-301F-11D3-BF4B-00C04F79EFBC}") = "StudentGradeManager-ConsoleApp", "StudentGradeManager-ConsoleApp.csproj", "{49C29B6C-EAAC-4E35-B849-0765C8B1720C}"
EndProject
Global
	GlobalSection(SolutionConfigurationPlatforms) = preSolution
		Debug|Any CPU = Debug|Any CPU
		Release|Any CPU = Release|Any CPU
	EndGlobalSection
	GlobalSection(ProjectConfigurationPlatforms) = postSolution
		{49C29B6C-EAAC-4E35-B849-0765C8B1720C}.Debug|Any CPU.ActiveCfg = Debug|Any CPU
		{49C29B6C-EAAC-4E35-B849-0765C8B1720C}.Debug|Any CPU.Build.0 = Debug|Any CPU
		{49C29B6C-EAAC-4E35-B849-0765C8B1720C}.Release|Any CPU.ActiveCfg = Release|Any CPU
		{49C29B6C-EAAC-4E35-B849-0765C8B1720C}.Release|Any CPU.Build.0 = Release|Any CPU
	EndGlobalSection
	GlobalSection(SolutionProperties) = preSolution
		HideSolutionNode = FALSE
	EndGlobalSection
	GlobalSection(ExtensibilityGlobals) = postSolution
		SolutionGuid = {6106F9FF-58CC-45B8-9E05-0C2620CA8F23}
	EndGlobalSection
EndGlobal
